
Microsoft Visual Studio Solution File, Format Version 12.00
# Visual Studio Version 17
VisualStudioVersion = 17.9.34728.123
MinimumVisualStudioVersion = 10.0.40219.1
Project("{9A19103F-16F7-4668-BE54-9A1E7A4F7556}") = "Template", "Template.csproj", "{C082D35D-53F7-4632-8759-B5F7E10DB40A}"
EndProject
Project("{9A19103F-16F7-4668-BE54-9A1E7A4F7556}") = "Test", "test\Test.csproj", "{18365768-84C2-427E-96D5-A968DA4E8521}"
EndProject
Global
	GlobalSection(SolutionConfigurationPlatforms) = preSolution
		Debug|Any CPU = Debug|Any CPU
		Release|Any CPU = Release|Any CPU
	EndGlobalSection
	GlobalSection(ProjectConfigurationPlatforms) = postSolution
		{C082D35D-53F7-4632-8759-B5F7E10DB40A}.Debug|Any CPU.ActiveCfg = Debug|Any CPU
		{C082D35D-53F7-4632-8759-B5F7E10DB40A}.Debug|Any CPU.Build.0 = Debug|Any CPU
		{C082D35D-53F7-4632-8759-B5F7E10DB40A}.Release|Any CPU.ActiveCfg = Release|Any CPU
		{C082D35D-53F7-4632-8759-B5F7E10DB40A}.Release|Any CPU.Build.0 = Release|Any CPU
		{18365768-84C2-427E-96D5-A968DA4E8521}.Debug|Any CPU.ActiveCfg = Debug|Any CPU
		{18365768-84C2-427E-96D5-A968DA4E8521}.Debug|Any CPU.Build.0 = Debug|Any CPU
		{18365768-84C2-427E-96D5-A968DA4E8521}.Release|Any CPU.ActiveCfg = Release|Any CPU
		{18365768-84C2-427E-96D5-A968DA4E8521}.Release|Any CPU.Build.0 = Release|Any CPU
	EndGlobalSection
	GlobalSection(SolutionProperties) = preSolution
		HideSolutionNode = FALSE
	EndGlobalSection
	GlobalSection(ExtensibilityGlobals) = postSolution
		SolutionGuid = {B23FF479-1128-469C-8BB2-41EFD408B1A3}
	EndGlobalSection
EndGlobal
